// !$*UTF8*$!
{
	archiveVersion = 1;
	classes = {
	};
	objectVersion = 55;
	objects = {

/* Begin PBXBuildFile section */
		BD7F8621272F0FC500337D3A /* AppDelegate.swift in Sources */ = {isa = PBXBuildFile; fileRef = BD7F8620272F0FC500337D3A /* AppDelegate.swift */; };
		BD7F8623272F0FC500337D3A /* SceneDelegate.swift in Sources */ = {isa = PBXBuildFile; fileRef = BD7F8622272F0FC500337D3A /* SceneDelegate.swift */; };
		BD7F8625272F0FC500337D3A /* ViewController.swift in Sources */ = {isa = PBXBuildFile; fileRef = BD7F8624272F0FC500337D3A /* ViewController.swift */; };
		BD7F8628272F0FC500337D3A /* Main.storyboard in Resources */ = {isa = PBXBuildFile; fileRef = BD7F8626272F0FC500337D3A /* Main.storyboard */; };
		BD7F862B272F0FC500337D3A /* CoreDataCunsumption.xcdatamodeld in Sources */ = {isa = PBXBuildFile; fileRef = BD7F8629272F0FC500337D3A /* CoreDataCunsumption.xcdatamodeld */; };
		BD7F862D272F0FC700337D3A /* Assets.xcassets in Resources */ = {isa = PBXBuildFile; fileRef = BD7F862C272F0FC700337D3A /* Assets.xcassets */; };
		BD7F8630272F0FC700337D3A /* LaunchScreen.storyboard in Resources */ = {isa = PBXBuildFile; fileRef = BD7F862E272F0FC700337D3A /* LaunchScreen.storyboard */; };
		BD7F863B272F0FC800337D3A /* CoreDataCunsumptionTests.swift in Sources */ = {isa = PBXBuildFile; fileRef = BD7F863A272F0FC800337D3A /* CoreDataCunsumptionTests.swift */; };
		BD7F8645272F0FC800337D3A /* CoreDataCunsumptionUITests.swift in Sources */ = {isa = PBXBuildFile; fileRef = BD7F8644272F0FC800337D3A /* CoreDataCunsumptionUITests.swift */; };
		BD7F8647272F0FC800337D3A /* CoreDataCunsumptionUITestsLaunchTests.swift in Sources */ = {isa = PBXBuildFile; fileRef = BD7F8646272F0FC800337D3A /* CoreDataCunsumptionUITestsLaunchTests.swift */; };
		BD7F8656272F10B100337D3A /* GamePowerData.swift in Sources */ = {isa = PBXBuildFile; fileRef = BD7F8655272F10B100337D3A /* GamePowerData.swift */; };
		BD7F865A272F113F00337D3A /* ControllerManager.swift in Sources */ = {isa = PBXBuildFile; fileRef = BD7F8659272F113F00337D3A /* ControllerManager.swift */; };
		BD7F865C272F1B6900337D3A /* Game.swift in Sources */ = {isa = PBXBuildFile; fileRef = BD7F865B272F1B6900337D3A /* Game.swift */; };
/* End PBXBuildFile section */

/* Begin PBXContainerItemProxy section */
		BD7F8637272F0FC800337D3A /* PBXContainerItemProxy */ = {
			isa = PBXContainerItemProxy;
			containerPortal = BD7F8615272F0FC500337D3A /* Project object */;
			proxyType = 1;
			remoteGlobalIDString = BD7F861C272F0FC500337D3A;
			remoteInfo = CoreDataCunsumption;
		};
		BD7F8641272F0FC800337D3A /* PBXContainerItemProxy */ = {
			isa = PBXContainerItemProxy;
			containerPortal = BD7F8615272F0FC500337D3A /* Project object */;
			proxyType = 1;
			remoteGlobalIDString = BD7F861C272F0FC500337D3A;
			remoteInfo = CoreDataCunsumption;
		};
/* End PBXContainerItemProxy section */

/* Begin PBXFileReference section */
		BD7F861D272F0FC500337D3A /* CoreDataCunsumption.app */ = {isa = PBXFileReference; explicitFileType = wrapper.application; includeInIndex = 0; path = CoreDataCunsumption.app; sourceTree = BUILT_PRODUCTS_DIR; };
		BD7F8620272F0FC500337D3A /* AppDelegate.swift */ = {isa = PBXFileReference; lastKnownFileType = sourcecode.swift; path = AppDelegate.swift; sourceTree = "<group>"; };
		BD7F8622272F0FC500337D3A /* SceneDelegate.swift */ = {isa = PBXFileReference; lastKnownFileType = sourcecode.swift; path = SceneDelegate.swift; sourceTree = "<group>"; };
		BD7F8624272F0FC500337D3A /* ViewController.swift */ = {isa = PBXFileReference; lastKnownFileType = sourcecode.swift; path = ViewController.swift; sourceTree = "<group>"; };
		BD7F8627272F0FC500337D3A /* Base */ = {isa = PBXFileReference; lastKnownFileType = file.storyboard; name = Base; path = Base.lproj/Main.storyboard; sourceTree = "<group>"; };
		BD7F862A272F0FC500337D3A /* CoreDataCunsumption.xcdatamodel */ = {isa = PBXFileReference; lastKnownFileType = wrapper.xcdatamodel; path = CoreDataCunsumption.xcdatamodel; sourceTree = "<group>"; };
		BD7F862C272F0FC700337D3A /* Assets.xcassets */ = {isa = PBXFileReference; lastKnownFileType = folder.assetcatalog; path = Assets.xcassets; sourceTree = "<group>"; };
		BD7F862F272F0FC700337D3A /* Base */ = {isa = PBXFileReference; lastKnownFileType = file.storyboard; name = Base; path = Base.lproj/LaunchScreen.storyboard; sourceTree = "<group>"; };
		BD7F8631272F0FC700337D3A /* Info.plist */ = {isa = PBXFileReference; lastKnownFileType = text.plist.xml; path = Info.plist; sourceTree = "<group>"; };
		BD7F8636272F0FC800337D3A /* CoreDataCunsumptionTests.xctest */ = {isa = PBXFileReference; explicitFileType = wrapper.cfbundle; includeInIndex = 0; path = CoreDataCunsumptionTests.xctest; sourceTree = BUILT_PRODUCTS_DIR; };
		BD7F863A272F0FC800337D3A /* CoreDataCunsumptionTests.swift */ = {isa = PBXFileReference; lastKnownFileType = sourcecode.swift; path = CoreDataCunsumptionTests.swift; sourceTree = "<group>"; };
		BD7F8640272F0FC800337D3A /* CoreDataCunsumptionUITests.xctest */ = {isa = PBXFileReference; explicitFileType = wrapper.cfbundle; includeInIndex = 0; path = CoreDataCunsumptionUITests.xctest; sourceTree = BUILT_PRODUCTS_DIR; };
		BD7F8644272F0FC800337D3A /* CoreDataCunsumptionUITests.swift */ = {isa = PBXFileReference; lastKnownFileType = sourcecode.swift; path = CoreDataCunsumptionUITests.swift; sourceTree = "<group>"; };
		BD7F8646272F0FC800337D3A /* CoreDataCunsumptionUITestsLaunchTests.swift */ = {isa = PBXFileReference; lastKnownFileType = sourcecode.swift; path = CoreDataCunsumptionUITestsLaunchTests.swift; sourceTree = "<group>"; };
		BD7F8655272F10B100337D3A /* GamePowerData.swift */ = {isa = PBXFileReference; lastKnownFileType = sourcecode.swift; path = GamePowerData.swift; sourceTree = "<group>"; };
		BD7F8659272F113F00337D3A /* ControllerManager.swift */ = {isa = PBXFileReference; lastKnownFileType = sourcecode.swift; path = ControllerManager.swift; sourceTree = "<group>"; };
		BD7F865B272F1B6900337D3A /* Game.swift */ = {isa = PBXFileReference; lastKnownFileType = sourcecode.swift; path = Game.swift; sourceTree = "<group>"; };
/* End PBXFileReference section */

/* Begin PBXFrameworksBuildPhase section */
		BD7F861A272F0FC500337D3A /* Frameworks */ = {
			isa = PBXFrameworksBuildPhase;
			buildActionMask = 2147483647;
			files = (
			);
			runOnlyForDeploymentPostprocessing = 0;
		};
		BD7F8633272F0FC800337D3A /* Frameworks */ = {
			isa = PBXFrameworksBuildPhase;
			buildActionMask = 2147483647;
			files = (
			);
			runOnlyForDeploymentPostprocessing = 0;
		};
		BD7F863D272F0FC800337D3A /* Frameworks */ = {
			isa = PBXFrameworksBuildPhase;
			buildActionMask = 2147483647;
			files = (
			);
			runOnlyForDeploymentPostprocessing = 0;
		};
/* End PBXFrameworksBuildPhase section */

/* Begin PBXGroup section */
		BD7F8614272F0FC500337D3A = {
			isa = PBXGroup;
			children = (
				BD7F861F272F0FC500337D3A /* CoreDataCunsumption */,
				BD7F8639272F0FC800337D3A /* CoreDataCunsumptionTests */,
				BD7F8643272F0FC800337D3A /* CoreDataCunsumptionUITests */,
				BD7F861E272F0FC500337D3A /* Products */,
			);
			sourceTree = "<group>";
		};
		BD7F861E272F0FC500337D3A /* Products */ = {
			isa = PBXGroup;
			children = (
				BD7F861D272F0FC500337D3A /* CoreDataCunsumption.app */,
				BD7F8636272F0FC800337D3A /* CoreDataCunsumptionTests.xctest */,
				BD7F8640272F0FC800337D3A /* CoreDataCunsumptionUITests.xctest */,
			);
			name = Products;
			sourceTree = "<group>";
		};
		BD7F861F272F0FC500337D3A /* CoreDataCunsumption */ = {
			isa = PBXGroup;
			children = (
				BD7F8657272F10B700337D3A /* Controller */,
				BD7F8654272F105800337D3A /* Model */,
				BD7F8653272F104A00337D3A /* View */,
				BD7F8620272F0FC500337D3A /* AppDelegate.swift */,
				BD7F8622272F0FC500337D3A /* SceneDelegate.swift */,
				BD7F8626272F0FC500337D3A /* Main.storyboard */,
				BD7F862C272F0FC700337D3A /* Assets.xcassets */,
				BD7F862E272F0FC700337D3A /* LaunchScreen.storyboard */,
				BD7F8631272F0FC700337D3A /* Info.plist */,
				BD7F8629272F0FC500337D3A /* CoreDataCunsumption.xcdatamodeld */,
			);
			path = CoreDataCunsumption;
			sourceTree = "<group>";
		};
		BD7F8639272F0FC800337D3A /* CoreDataCunsumptionTests */ = {
			isa = PBXGroup;
			children = (
				BD7F863A272F0FC800337D3A /* CoreDataCunsumptionTests.swift */,
			);
			path = CoreDataCunsumptionTests;
			sourceTree = "<group>";
		};
		BD7F8643272F0FC800337D3A /* CoreDataCunsumptionUITests */ = {
			isa = PBXGroup;
			children = (
				BD7F8644272F0FC800337D3A /* CoreDataCunsumptionUITests.swift */,
				BD7F8646272F0FC800337D3A /* CoreDataCunsumptionUITestsLaunchTests.swift */,
			);
			path = CoreDataCunsumptionUITests;
			sourceTree = "<group>";
		};
		BD7F8653272F104A00337D3A /* View */ = {
			isa = PBXGroup;
			children = (
				BD7F8624272F0FC500337D3A /* ViewController.swift */,
			);
			path = View;
			sourceTree = "<group>";
		};
		BD7F8654272F105800337D3A /* Model */ = {
			isa = PBXGroup;
			children = (
				BD7F8655272F10B100337D3A /* GamePowerData.swift */,
				BD7F865B272F1B6900337D3A /* Game.swift */,
			);
			path = Model;
			sourceTree = "<group>";
		};
		BD7F8657272F10B700337D3A /* Controller */ = {
			isa = PBXGroup;
			children = (
				BD7F8659272F113F00337D3A /* ControllerManager.swift */,
			);
			path = Controller;
			sourceTree = "<group>";
		};
/* End PBXGroup section */

/* Begin PBXNativeTarget section */
		BD7F861C272F0FC500337D3A /* CoreDataCunsumption */ = {
			isa = PBXNativeTarget;
			buildConfigurationList = BD7F864A272F0FC800337D3A /* Build configuration list for PBXNativeTarget "CoreDataCunsumption" */;
			buildPhases = (
				BD7F8619272F0FC500337D3A /* Sources */,
				BD7F861A272F0FC500337D3A /* Frameworks */,
				BD7F861B272F0FC500337D3A /* Resources */,
			);
			buildRules = (
			);
			dependencies = (
			);
			name = CoreDataCunsumption;
			productName = CoreDataCunsumption;
			productReference = BD7F861D272F0FC500337D3A /* CoreDataCunsumption.app */;
			productType = "com.apple.product-type.application";
		};
		BD7F8635272F0FC800337D3A /* CoreDataCunsumptionTests */ = {
			isa = PBXNativeTarget;
			buildConfigurationList = BD7F864D272F0FC800337D3A /* Build configuration list for PBXNativeTarget "CoreDataCunsumptionTests" */;
			buildPhases = (
				BD7F8632272F0FC800337D3A /* Sources */,
				BD7F8633272F0FC800337D3A /* Frameworks */,
				BD7F8634272F0FC800337D3A /* Resources */,
			);
			buildRules = (
			);
			dependencies = (
				BD7F8638272F0FC800337D3A /* PBXTargetDependency */,
			);
			name = CoreDataCunsumptionTests;
			productName = CoreDataCunsumptionTests;
			productReference = BD7F8636272F0FC800337D3A /* CoreDataCunsumptionTests.xctest */;
			productType = "com.apple.product-type.bundle.unit-test";
		};
		BD7F863F272F0FC800337D3A /* CoreDataCunsumptionUITests */ = {
			isa = PBXNativeTarget;
			buildConfigurationList = BD7F8650272F0FC800337D3A /* Build configuration list for PBXNativeTarget "CoreDataCunsumptionUITests" */;
			buildPhases = (
				BD7F863C272F0FC800337D3A /* Sources */,
				BD7F863D272F0FC800337D3A /* Frameworks */,
				BD7F863E272F0FC800337D3A /* Resources */,
			);
			buildRules = (
			);
			dependencies = (
				BD7F8642272F0FC800337D3A /* PBXTargetDependency */,
			);
			name = CoreDataCunsumptionUITests;
			productName = CoreDataCunsumptionUITests;
			productReference = BD7F8640272F0FC800337D3A /* CoreDataCunsumptionUITests.xctest */;
			productType = "com.apple.product-type.bundle.ui-testing";
		};
/* End PBXNativeTarget section */

/* Begin PBXProject section */
		BD7F8615272F0FC500337D3A /* Project object */ = {
			isa = PBXProject;
			attributes = {
				BuildIndependentTargetsInParallel = 1;
				LastSwiftUpdateCheck = 1310;
				LastUpgradeCheck = 1310;
				TargetAttributes = {
					BD7F861C272F0FC500337D3A = {
						CreatedOnToolsVersion = 13.1;
					};
					BD7F8635272F0FC800337D3A = {
						CreatedOnToolsVersion = 13.1;
						TestTargetID = BD7F861C272F0FC500337D3A;
					};
					BD7F863F272F0FC800337D3A = {
						CreatedOnToolsVersion = 13.1;
						TestTargetID = BD7F861C272F0FC500337D3A;
					};
				};
			};
			buildConfigurationList = BD7F8618272F0FC500337D3A /* Build configuration list for PBXProject "CoreDataCunsumption" */;
			compatibilityVersion = "Xcode 13.0";
			developmentRegion = en;
			hasScannedForEncodings = 0;
			knownRegions = (
				en,
				Base,
			);
			mainGroup = BD7F8614272F0FC500337D3A;
			productRefGroup = BD7F861E272F0FC500337D3A /* Products */;
			projectDirPath = "";
			projectRoot = "";
			targets = (
				BD7F861C272F0FC500337D3A /* CoreDataCunsumption */,
				BD7F8635272F0FC800337D3A /* CoreDataCunsumptionTests */,
				BD7F863F272F0FC800337D3A /* CoreDataCunsumptionUITests */,
			);
		};
/* End PBXProject section */

/* Begin PBXResourcesBuildPhase section */
		BD7F861B272F0FC500337D3A /* Resources */ = {
			isa = PBXResourcesBuildPhase;
			buildActionMask = 2147483647;
			files = (
				BD7F8630272F0FC700337D3A /* LaunchScreen.storyboard in Resources */,
				BD7F862D272F0FC700337D3A /* Assets.xcassets in Resources */,
				BD7F8628272F0FC500337D3A /* Main.storyboard in Resources */,
			);
			runOnlyForDeploymentPostprocessing = 0;
		};
		BD7F8634272F0FC800337D3A /* Resources */ = {
			isa = PBXResourcesBuildPhase;
			buildActionMask = 2147483647;
			files = (
			);
			runOnlyForDeploymentPostprocessing = 0;
		};
		BD7F863E272F0FC800337D3A /* Resources */ = {
			isa = PBXResourcesBuildPhase;
			buildActionMask = 2147483647;
			files = (
			);
			runOnlyForDeploymentPostprocessing = 0;
		};
/* End PBXResourcesBuildPhase section */

/* Begin PBXSourcesBuildPhase section */
		BD7F8619272F0FC500337D3A /* Sources */ = {
			isa = PBXSourcesBuildPhase;
			buildActionMask = 2147483647;
			files = (
				BD7F862B272F0FC500337D3A /* CoreDataCunsumption.xcdatamodeld in Sources */,
				BD7F8625272F0FC500337D3A /* ViewController.swift in Sources */,
				BD7F865C272F1B6900337D3A /* Game.swift in Sources */,
				BD7F8656272F10B100337D3A /* GamePowerData.swift in Sources */,
				BD7F865A272F113F00337D3A /* ControllerManager.swift in Sources */,
				BD7F8621272F0FC500337D3A /* AppDelegate.swift in Sources */,
				BD7F8623272F0FC500337D3A /* SceneDelegate.swift in Sources */,
			);
			runOnlyForDeploymentPostprocessing = 0;
		};
		BD7F8632272F0FC800337D3A /* Sources */ = {
			isa = PBXSourcesBuildPhase;
			buildActionMask = 2147483647;
			files = (
				BD7F863B272F0FC800337D3A /* CoreDataCunsumptionTests.swift in Sources */,
			);
			runOnlyForDeploymentPostprocessing = 0;
		};
		BD7F863C272F0FC800337D3A /* Sources */ = {
			isa = PBXSourcesBuildPhase;
			buildActionMask = 2147483647;
			files = (
				BD7F8645272F0FC800337D3A /* CoreDataCunsumptionUITests.swift in Sources */,
				BD7F8647272F0FC800337D3A /* CoreDataCunsumptionUITestsLaunchTests.swift in Sources */,
			);
			runOnlyForDeploymentPostprocessing = 0;
		};
/* End PBXSourcesBuildPhase section */

/* Begin PBXTargetDependency section */
		BD7F8638272F0FC800337D3A /* PBXTargetDependency */ = {
			isa = PBXTargetDependency;
			target = BD7F861C272F0FC500337D3A /* CoreDataCunsumption */;
			targetProxy = BD7F8637272F0FC800337D3A /* PBXContainerItemProxy */;
		};
		BD7F8642272F0FC800337D3A /* PBXTargetDependency */ = {
			isa = PBXTargetDependency;
			target = BD7F861C272F0FC500337D3A /* CoreDataCunsumption */;
			targetProxy = BD7F8641272F0FC800337D3A /* PBXContainerItemProxy */;
		};
/* End PBXTargetDependency section */

/* Begin PBXVariantGroup section */
		BD7F8626272F0FC500337D3A /* Main.storyboard */ = {
			isa = PBXVariantGroup;
			children = (
				BD7F8627272F0FC500337D3A /* Base */,
			);
			name = Main.storyboard;
			sourceTree = "<group>";
		};
		BD7F862E272F0FC700337D3A /* LaunchScreen.storyboard */ = {
			isa = PBXVariantGroup;
			children = (
				BD7F862F272F0FC700337D3A /* Base */,
			);
			name = LaunchScreen.storyboard;
			sourceTree = "<group>";
		};
/* End PBXVariantGroup section */

/* Begin XCBuildConfiguration section */
		BD7F8648272F0FC800337D3A /* Debug */ = {
			isa = XCBuildConfiguration;
			buildSettings = {
				ALWAYS_SEARCH_USER_PATHS = NO;
				CLANG_ANALYZER_NONNULL = YES;
				CLANG_ANALYZER_NUMBER_OBJECT_CONVERSION = YES_AGGRESSIVE;
				CLANG_CXX_LANGUAGE_STANDARD = "gnu++17";
				CLANG_CXX_LIBRARY = "libc++";
				CLANG_ENABLE_MODULES = YES;
				CLANG_ENABLE_OBJC_ARC = YES;
				CLANG_ENABLE_OBJC_WEAK = YES;
				CLANG_WARN_BLOCK_CAPTURE_AUTORELEASING = YES;
				CLANG_WARN_BOOL_CONVERSION = YES;
				CLANG_WARN_COMMA = YES;
				CLANG_WARN_CONSTANT_CONVERSION = YES;
				CLANG_WARN_DEPRECATED_OBJC_IMPLEMENTATIONS = YES;
				CLANG_WARN_DIRECT_OBJC_ISA_USAGE = YES_ERROR;
				CLANG_WARN_DOCUMENTATION_COMMENTS = YES;
				CLANG_WARN_EMPTY_BODY = YES;
				CLANG_WARN_ENUM_CONVERSION = YES;
				CLANG_WARN_INFINITE_RECURSION = YES;
				CLANG_WARN_INT_CONVERSION = YES;
				CLANG_WARN_NON_LITERAL_NULL_CONVERSION = YES;
				CLANG_WARN_OBJC_IMPLICIT_RETAIN_SELF = YES;
				CLANG_WARN_OBJC_LITERAL_CONVERSION = YES;
				CLANG_WARN_OBJC_ROOT_CLASS = YES_ERROR;
				CLANG_WARN_QUOTED_INCLUDE_IN_FRAMEWORK_HEADER = YES;
				CLANG_WARN_RANGE_LOOP_ANALYSIS = YES;
				CLANG_WARN_STRICT_PROTOTYPES = YES;
				CLANG_WARN_SUSPICIOUS_MOVE = YES;
				CLANG_WARN_UNGUARDED_AVAILABILITY = YES_AGGRESSIVE;
				CLANG_WARN_UNREACHABLE_CODE = YES;
				CLANG_WARN__DUPLICATE_METHOD_MATCH = YES;
				COPY_PHASE_STRIP = NO;
				DEBUG_INFORMATION_FORMAT = dwarf;
				ENABLE_STRICT_OBJC_MSGSEND = YES;
				ENABLE_TESTABILITY = YES;
				GCC_C_LANGUAGE_STANDARD = gnu11;
				GCC_DYNAMIC_NO_PIC = NO;
				GCC_NO_COMMON_BLOCKS = YES;
				GCC_OPTIMIZATION_LEVEL = 0;
				GCC_PREPROCESSOR_DEFINITIONS = (
					"DEBUG=1",
					"$(inherited)",
				);
				GCC_WARN_64_TO_32_BIT_CONVERSION = YES;
				GCC_WARN_ABOUT_RETURN_TYPE = YES_ERROR;
				GCC_WARN_UNDECLARED_SELECTOR = YES;
				GCC_WARN_UNINITIALIZED_AUTOS = YES_AGGRESSIVE;
				GCC_WARN_UNUSED_FUNCTION = YES;
				GCC_WARN_UNUSED_VARIABLE = YES;
				IPHONEOS_DEPLOYMENT_TARGET = 15.0;
				MTL_ENABLE_DEBUG_INFO = INCLUDE_SOURCE;
				MTL_FAST_MATH = YES;
				ONLY_ACTIVE_ARCH = YES;
				SDKROOT = iphoneos;
				SWIFT_ACTIVE_COMPILATION_CONDITIONS = DEBUG;
				SWIFT_OPTIMIZATION_LEVEL = "-Onone";
			};
			name = Debug;
		};
		BD7F8649272F0FC800337D3A /* Release */ = {
			isa = XCBuildConfiguration;
			buildSettings = {
				ALWAYS_SEARCH_USER_PATHS = NO;
				CLANG_ANALYZER_NONNULL = YES;
				CLANG_ANALYZER_NUMBER_OBJECT_CONVERSION = YES_AGGRESSIVE;
				CLANG_CXX_LANGUAGE_STANDARD = "gnu++17";
				CLANG_CXX_LIBRARY = "libc++";
				CLANG_ENABLE_MODULES = YES;
				CLANG_ENABLE_OBJC_ARC = YES;
				CLANG_ENABLE_OBJC_WEAK = YES;
				CLANG_WARN_BLOCK_CAPTURE_AUTORELEASING = YES;
				CLANG_WARN_BOOL_CONVERSION = YES;
				CLANG_WARN_COMMA = YES;
				CLANG_WARN_CONSTANT_CONVERSION = YES;
				CLANG_WARN_DEPRECATED_OBJC_IMPLEMENTATIONS = YES;
				CLANG_WARN_DIRECT_OBJC_ISA_USAGE = YES_ERROR;
				CLANG_WARN_DOCUMENTATION_COMMENTS = YES;
				CLANG_WARN_EMPTY_BODY = YES;
				CLANG_WARN_ENUM_CONVERSION = YES;
				CLANG_WARN_INFINITE_RECURSION = YES;
				CLANG_WARN_INT_CONVERSION = YES;
				CLANG_WARN_NON_LITERAL_NULL_CONVERSION = YES;
				CLANG_WARN_OBJC_IMPLICIT_RETAIN_SELF = YES;
				CLANG_WARN_OBJC_LITERAL_CONVERSION = YES;
				CLANG_WARN_OBJC_ROOT_CLASS = YES_ERROR;
				CLANG_WARN_QUOTED_INCLUDE_IN_FRAMEWORK_HEADER = YES;
				CLANG_WARN_RANGE_LOOP_ANALYSIS = YES;
				CLANG_WARN_STRICT_PROTOTYPES = YES;
				CLANG_WARN_SUSPICIOUS_MOVE = YES;
				CLANG_WARN_UNGUARDED_AVAILABILITY = YES_AGGRESSIVE;
				CLANG_WARN_UNREACHABLE_CODE = YES;
				CLANG_WARN__DUPLICATE_METHOD_MATCH = YES;
				COPY_PHASE_STRIP = NO;
				DEBUG_INFORMATION_FORMAT = "dwarf-with-dsym";
				ENABLE_NS_ASSERTIONS = NO;
				ENABLE_STRICT_OBJC_MSGSEND = YES;
				GCC_C_LANGUAGE_STANDARD = gnu11;
				GCC_NO_COMMON_BLOCKS = YES;
				GCC_WARN_64_TO_32_BIT_CONVERSION = YES;
				GCC_WARN_ABOUT_RETURN_TYPE = YES_ERROR;
				GCC_WARN_UNDECLARED_SELECTOR = YES;
				GCC_WARN_UNINITIALIZED_AUTOS = YES_AGGRESSIVE;
				GCC_WARN_UNUSED_FUNCTION = YES;
				GCC_WARN_UNUSED_VARIABLE = YES;
				IPHONEOS_DEPLOYMENT_TARGET = 15.0;
				MTL_ENABLE_DEBUG_INFO = NO;
				MTL_FAST_MATH = YES;
				SDKROOT = iphoneos;
				SWIFT_COMPILATION_MODE = wholemodule;
				SWIFT_OPTIMIZATION_LEVEL = "-O";
				VALIDATE_PRODUCT = YES;
			};
			name = Release;
		};
		BD7F864B272F0FC800337D3A /* Debug */ = {
			isa = XCBuildConfiguration;
			buildSettings = {
				ASSETCATALOG_COMPILER_APPICON_NAME = AppIcon;
				ASSETCATALOG_COMPILER_GLOBAL_ACCENT_COLOR_NAME = AccentColor;
				CODE_SIGN_STYLE = Automatic;
				CURRENT_PROJECT_VERSION = 1;
				DEVELOPMENT_TEAM = A2AL553RHN;
				GENERATE_INFOPLIST_FILE = YES;
				INFOPLIST_FILE = CoreDataCunsumption/Info.plist;
				INFOPLIST_KEY_UIApplicationSupportsIndirectInputEvents = YES;
				INFOPLIST_KEY_UILaunchStoryboardName = LaunchScreen;
				INFOPLIST_KEY_UIMainStoryboardFile = Main;
				INFOPLIST_KEY_UISupportedInterfaceOrientations_iPad = "UIInterfaceOrientationPortrait UIInterfaceOrientationPortraitUpsideDown UIInterfaceOrientationLandscapeLeft UIInterfaceOrientationLandscapeRight";
				INFOPLIST_KEY_UISupportedInterfaceOrientations_iPhone = "UIInterfaceOrientationPortrait UIInterfaceOrientationLandscapeLeft UIInterfaceOrientationLandscapeRight";
				LD_RUNPATH_SEARCH_PATHS = (
					"$(inherited)",
					"@executable_path/Frameworks",
				);
				MARKETING_VERSION = 1.0;
				PRODUCT_BUNDLE_IDENTIFIER = com.ikenna.CoreDataCunsumption;
				PRODUCT_NAME = "$(TARGET_NAME)";
				SWIFT_EMIT_LOC_STRINGS = YES;
				SWIFT_VERSION = 5.0;
				TARGETED_DEVICE_FAMILY = "1,2";
			};
			name = Debug;
		};
		BD7F864C272F0FC800337D3A /* Release */ = {
			isa = XCBuildConfiguration;
			buildSettings = {
				ASSETCATALOG_COMPILER_APPICON_NAME = AppIcon;
				ASSETCATALOG_COMPILER_GLOBAL_ACCENT_COLOR_NAME = AccentColor;
				CODE_SIGN_STYLE = Automatic;
				CURRENT_PROJECT_VERSION = 1;
				DEVELOPMENT_TEAM = A2AL553RHN;
				GENERATE_INFOPLIST_FILE = YES;
				INFOPLIST_FILE = CoreDataCunsumption/Info.plist;
				INFOPLIST_KEY_UIApplicationSupportsIndirectInputEvents = YES;
				INFOPLIST_KEY_UILaunchStoryboardName = LaunchScreen;
				INFOPLIST_KEY_UIMainStoryboardFile = Main;
				INFOPLIST_KEY_UISupportedInterfaceOrientations_iPad = "UIInterfaceOrientationPortrait UIInterfaceOrientationPortraitUpsideDown UIInterfaceOrientationLandscapeLeft UIInterfaceOrientationLandscapeRight";
				INFOPLIST_KEY_UISupportedInterfaceOrientations_iPhone = "UIInterfaceOrientationPortrait UIInterfaceOrientationLandscapeLeft UIInterfaceOrientationLandscapeRight";
				LD_RUNPATH_SEARCH_PATHS = (
					"$(inherited)",
					"@executable_path/Frameworks",
				);
				MARKETING_VERSION = 1.0;
				PRODUCT_BUNDLE_IDENTIFIER = com.ikenna.CoreDataCunsumption;
				PRODUCT_NAME = "$(TARGET_NAME)";
				SWIFT_EMIT_LOC_STRINGS = YES;
				SWIFT_VERSION = 5.0;
				TARGETED_DEVICE_FAMILY = "1,2";
			};
			name = Release;
		};
		BD7F864E272F0FC800337D3A /* Debug */ = {
			isa = XCBuildConfiguration;
			buildSettings = {
				ALWAYS_EMBED_SWIFT_STANDARD_LIBRARIES = YES;
				BUNDLE_LOADER = "$(TEST_HOST)";
				CODE_SIGN_STYLE = Automatic;
				CURRENT_PROJECT_VERSION = 1;
				DEVELOPMENT_TEAM = A2AL553RHN;
				GENERATE_INFOPLIST_FILE = YES;
				IPHONEOS_DEPLOYMENT_TARGET = 15.0;
				LD_RUNPATH_SEARCH_PATHS = (
					"$(inherited)",
					"@executable_path/Frameworks",
					"@loader_path/Frameworks",
				);
				MARKETING_VERSION = 1.0;
				PRODUCT_BUNDLE_IDENTIFIER = com.ikenna.CoreDataCunsumptionTests;
				PRODUCT_NAME = "$(TARGET_NAME)";
				SWIFT_EMIT_LOC_STRINGS = NO;
				SWIFT_VERSION = 5.0;
				TARGETED_DEVICE_FAMILY = "1,2";
				TEST_HOST = "$(BUILT_PRODUCTS_DIR)/CoreDataCunsumption.app/CoreDataCunsumption";
			};
			name = Debug;
		};
		BD7F864F272F0FC800337D3A /* Release */ = {
			isa = XCBuildConfiguration;
			buildSettings = {
				ALWAYS_EMBED_SWIFT_STANDARD_LIBRARIES = YES;
				BUNDLE_LOADER = "$(TEST_HOST)";
				CODE_SIGN_STYLE = Automatic;
				CURRENT_PROJECT_VERSION = 1;
				DEVELOPMENT_TEAM = A2AL553RHN;
				GENERATE_INFOPLIST_FILE = YES;
				IPHONEOS_DEPLOYMENT_TARGET = 15.0;
				LD_RUNPATH_SEARCH_PATHS = (
					"$(inherited)",
					"@executable_path/Frameworks",
					"@loader_path/Frameworks",
				);
				MARKETING_VERSION = 1.0;
				PRODUCT_BUNDLE_IDENTIFIER = com.ikenna.CoreDataCunsumptionTests;
				PRODUCT_NAME = "$(TARGET_NAME)";
				SWIFT_EMIT_LOC_STRINGS = NO;
				SWIFT_VERSION = 5.0;
				TARGETED_DEVICE_FAMILY = "1,2";
				TEST_HOST = "$(BUILT_PRODUCTS_DIR)/CoreDataCunsumption.app/CoreDataCunsumption";
			};
			name = Release;
		};
		BD7F8651272F0FC800337D3A /* Debug */ = {
			isa = XCBuildConfiguration;
			buildSettings = {
				ALWAYS_EMBED_SWIFT_STANDARD_LIBRARIES = YES;
				CODE_SIGN_STYLE = Automatic;
				CURRENT_PROJECT_VERSION = 1;
				DEVELOPMENT_TEAM = A2AL553RHN;
				GENERATE_INFOPLIST_FILE = YES;
				LD_RUNPATH_SEARCH_PATHS = (
					"$(inherited)",
					"@executable_path/Frameworks",
					"@loader_path/Frameworks",
				);
				MARKETING_VERSION = 1.0;
				PRODUCT_BUNDLE_IDENTIFIER = com.ikenna.CoreDataCunsumptionUITests;
				PRODUCT_NAME = "$(TARGET_NAME)";
				SWIFT_EMIT_LOC_STRINGS = NO;
				SWIFT_VERSION = 5.0;
				TARGETED_DEVICE_FAMILY = "1,2";
				TEST_TARGET_NAME = CoreDataCunsumption;
			};
			name = Debug;
		};
		BD7F8652272F0FC800337D3A /* Release */ = {
			isa = XCBuildConfiguration;
			buildSettings = {
				ALWAYS_EMBED_SWIFT_STANDARD_LIBRARIES = YES;
				CODE_SIGN_STYLE = Automatic;
				CURRENT_PROJECT_VERSION = 1;
				DEVELOPMENT_TEAM = A2AL553RHN;
				GENERATE_INFOPLIST_FILE = YES;
				LD_RUNPATH_SEARCH_PATHS = (
					"$(inherited)",
					"@executable_path/Frameworks",
					"@loader_path/Frameworks",
				);
				MARKETING_VERSION = 1.0;
				PRODUCT_BUNDLE_IDENTIFIER = com.ikenna.CoreDataCunsumptionUITests;
				PRODUCT_NAME = "$(TARGET_NAME)";
				SWIFT_EMIT_LOC_STRINGS = NO;
				SWIFT_VERSION = 5.0;
				TARGETED_DEVICE_FAMILY = "1,2";
				TEST_TARGET_NAME = CoreDataCunsumption;
			};
			name = Release;
		};
/* End XCBuildConfiguration section */

/* Begin XCConfigurationList section */
		BD7F8618272F0FC500337D3A /* Build configuration list for PBXProject "CoreDataCunsumption" */ = {
			isa = XCConfigurationList;
			buildConfigurations = (
				BD7F8648272F0FC800337D3A /* Debug */,
				BD7F8649272F0FC800337D3A /* Release */,
			);
			defaultConfigurationIsVisible = 0;
			defaultConfigurationName = Release;
		};
		BD7F864A272F0FC800337D3A /* Build configuration list for PBXNativeTarget "CoreDataCunsumption" */ = {
			isa = XCConfigurationList;
			buildConfigurations = (
				BD7F864B272F0FC800337D3A /* Debug */,
				BD7F864C272F0FC800337D3A /* Release */,
			);
			defaultConfigurationIsVisible = 0;
			defaultConfigurationName = Release;
		};
		BD7F864D272F0FC800337D3A /* Build configuration list for PBXNativeTarget "CoreDataCunsumptionTests" */ = {
			isa = XCConfigurationList;
			buildConfigurations = (
				BD7F864E272F0FC800337D3A /* Debug */,
				BD7F864F272F0FC800337D3A /* Release */,
			);
			defaultConfigurationIsVisible = 0;
			defaultConfigurationName = Release;
		};
		BD7F8650272F0FC800337D3A /* Build configuration list for PBXNativeTarget "CoreDataCunsumptionUITests" */ = {
			isa = XCConfigurationList;
			buildConfigurations = (
				BD7F8651272F0FC800337D3A /* Debug */,
				BD7F8652272F0FC800337D3A /* Release */,
			);
			defaultConfigurationIsVisible = 0;
			defaultConfigurationName = Release;
		};
/* End XCConfigurationList section */

/* Begin XCVersionGroup section */
		BD7F8629272F0FC500337D3A /* CoreDataCunsumption.xcdatamodeld */ = {
			isa = XCVersionGroup;
			children = (
				BD7F862A272F0FC500337D3A /* CoreDataCunsumption.xcdatamodel */,
			);
			currentVersion = BD7F862A272F0FC500337D3A /* CoreDataCunsumption.xcdatamodel */;
			path = CoreDataCunsumption.xcdatamodeld;
			sourceTree = "<group>";
			versionGroupType = wrapper.xcdatamodel;
		};
/* End XCVersionGroup section */
	};
	rootObject = BD7F8615272F0FC500337D3A /* Project object */;
}
